
Microsoft Visual Studio Solution File, Format Version 12.00
# Visual Studio 15
VisualStudioVersion = 15.0.27703.2018
MinimumVisualStudioVersion = 10.0.40219.1
Project("{FAE04EC0-301F-11D3-BF4B-00C04F79EFBC}") = "CodeFirst", "CodeFirst\CodeFirst.csproj", "{528F90F2-68AD-4A1C-95F2-250F7B14B835}"
EndProject
Global
	GlobalSection(SolutionConfigurationPlatforms) = preSolution
		Debug|Any CPU = Debug|Any CPU
		Release|Any CPU = Release|Any CPU
	EndGlobalSection
	GlobalSection(ProjectConfigurationPlatforms) = postSolution
		{528F90F2-68AD-4A1C-95F2-250F7B14B835}.Debug|Any CPU.ActiveCfg = Debug|Any CPU
		{528F90F2-68AD-4A1C-95F2-250F7B14B835}.Debug|Any CPU.Build.0 = Debug|Any CPU
		{528F90F2-68AD-4A1C-95F2-250F7B14B835}.Release|Any CPU.ActiveCfg = Release|Any CPU
		{528F90F2-68AD-4A1C-95F2-250F7B14B835}.Release|Any CPU.Build.0 = Release|Any CPU
	EndGlobalSection
	GlobalSection(SolutionProperties) = preSolution
		HideSolutionNode = FALSE
	EndGlobalSection
	GlobalSection(ExtensibilityGlobals) = postSolution
		SolutionGuid = {0121BCE2-D3CD-4459-AC91-42F195491280}
	EndGlobalSection
EndGlobal
